// !$*UTF8*$!
{
	archiveVersion = 1;
	classes = {
	};
	objectVersion = 46;
	objects = {

/* Begin PBXBuildFile section */
		323B7CB91A7AF31900A1B87F /* pitcherStraightDealin.jpg in Resources */ = {isa = PBXBuildFile; fileRef = 323B7CB81A7AF31900A1B87F /* pitcherStraightDealin.jpg */; };
		324FDB391A780F2400A743E9 /* Pitch.swift in Sources */ = {isa = PBXBuildFile; fileRef = 324FDB381A780F2400A743E9 /* Pitch.swift */; };
		324FDB3B1A78671200A743E9 /* dodgerBackground.jpg in Resources */ = {isa = PBXBuildFile; fileRef = 324FDB3A1A78671200A743E9 /* dodgerBackground.jpg */; };
		640389A21A76B59800060349 /* pitcherDetailView.xib in Resources */ = {isa = PBXBuildFile; fileRef = 640389A11A76B59800060349 /* pitcherDetailView.xib */; };
		64232A8E1A76D16600057E18 /* HeatMapCell.swift in Sources */ = {isa = PBXBuildFile; fileRef = 64232A8C1A76D16600057E18 /* HeatMapCell.swift */; };
		64232A8F1A76D16600057E18 /* HeatMapCell.xib in Resources */ = {isa = PBXBuildFile; fileRef = 64232A8D1A76D16600057E18 /* HeatMapCell.xib */; };
		648AD7B51A7AB23100472192 /* StrikeRegion.swift in Sources */ = {isa = PBXBuildFile; fileRef = 648AD7B41A7AB23100472192 /* StrikeRegion.swift */; };
		649B04DA1A78022900A8FD99 /* pitchDetailCell.xib in Resources */ = {isa = PBXBuildFile; fileRef = 649B04D91A78022900A8FD99 /* pitchDetailCell.xib */; };
		649B04DC1A78032D00A8FD99 /* PitchDetailTableViewCell.swift in Sources */ = {isa = PBXBuildFile; fileRef = 649B04DB1A78032D00A8FD99 /* PitchDetailTableViewCell.swift */; };
		649B04E01A78542E00A8FD99 /* heatMapCollectionView.xib in Resources */ = {isa = PBXBuildFile; fileRef = 649B04DF1A78542E00A8FD99 /* heatMapCollectionView.xib */; };
		649B04E21A7854EB00A8FD99 /* HeatMapCollectionTableViewCell.swift in Sources */ = {isa = PBXBuildFile; fileRef = 649B04E11A7854EB00A8FD99 /* HeatMapCollectionTableViewCell.swift */; };
		EC036DFB1A7B215F00E88E26 /* AddPitcherAlert.xib in Resources */ = {isa = PBXBuildFile; fileRef = EC036DFA1A7B215F00E88E26 /* AddPitcherAlert.xib */; };
		EC2374C41A7B1E4D00B46765 /* Main.storyboard in Resources */ = {isa = PBXBuildFile; fileRef = EC2374C31A7B1E4D00B46765 /* Main.storyboard */; };
		EC5D765D1A77110400833AF0 /* pixelGlove.png in Resources */ = {isa = PBXBuildFile; fileRef = EC5D765C1A77110400833AF0 /* pixelGlove.png */; };
		EC73FF931A7AECF500CF0E3E /* editPitcherAlert.xib in Resources */ = {isa = PBXBuildFile; fileRef = EC73FF921A7AECF500CF0E3E /* editPitcherAlert.xib */; };
		EC8A042A1A785B8B00C1E87F /* MenuCollectionCell.xib in Resources */ = {isa = PBXBuildFile; fileRef = EC8A04291A785B8B00C1E87F /* MenuCollectionCell.xib */; };
		EC8A04301A78628000C1E87F /* MenuCollectionViewCell.swift in Sources */ = {isa = PBXBuildFile; fileRef = EC8A042F1A78628000C1E87F /* MenuCollectionViewCell.swift */; };
		ECBA079D1A73106B00B580F5 /* AppDelegate.swift in Sources */ = {isa = PBXBuildFile; fileRef = ECBA079C1A73106B00B580F5 /* AppDelegate.swift */; };
		ECBA07A41A73106B00B580F5 /* Images.xcassets in Resources */ = {isa = PBXBuildFile; fileRef = ECBA07A31A73106B00B580F5 /* Images.xcassets */; };
		ECBA07A71A73106B00B580F5 /* LaunchScreen.xib in Resources */ = {isa = PBXBuildFile; fileRef = ECBA07A51A73106B00B580F5 /* LaunchScreen.xib */; };
		ECBA07B31A73106C00B580F5 /* StrikeZoneTests.swift in Sources */ = {isa = PBXBuildFile; fileRef = ECBA07B21A73106C00B580F5 /* StrikeZoneTests.swift */; };
		ECC5AC001A76AD9D006F9887 /* StrikeZoneViewController.swift in Sources */ = {isa = PBXBuildFile; fileRef = ECC5ABFF1A76AD9D006F9887 /* StrikeZoneViewController.swift */; };
		ECC5AC021A76ADD5006F9887 /* PitcherDetailViewController.swift in Sources */ = {isa = PBXBuildFile; fileRef = ECC5AC011A76ADD5006F9887 /* PitcherDetailViewController.swift */; };
		ECC5AC041A76ADF4006F9887 /* PitcherMenuViewController.swift in Sources */ = {isa = PBXBuildFile; fileRef = ECC5AC031A76ADF4006F9887 /* PitcherMenuViewController.swift */; };
		ECC5AC081A76B6FE006F9887 /* MenuCell.xib in Resources */ = {isa = PBXBuildFile; fileRef = ECC5AC071A76B6FE006F9887 /* MenuCell.xib */; };
		ECC5AC0A1A76BCC0006F9887 /* Pitcher.swift in Sources */ = {isa = PBXBuildFile; fileRef = ECC5AC091A76BCC0006F9887 /* Pitcher.swift */; };
		ECC5AC0C1A76BD5F006F9887 /* HeatMap.swift in Sources */ = {isa = PBXBuildFile; fileRef = ECC5AC0B1A76BD5F006F9887 /* HeatMap.swift */; };
		ECC5AC121A76D461006F9887 /* MenuTableViewCell.swift in Sources */ = {isa = PBXBuildFile; fileRef = ECC5AC111A76D461006F9887 /* MenuTableViewCell.swift */; };
/* End PBXBuildFile section */

/* Begin PBXContainerItemProxy section */
		ECBA07AD1A73106C00B580F5 /* PBXContainerItemProxy */ = {
			isa = PBXContainerItemProxy;
			containerPortal = ECBA078F1A73106B00B580F5 /* Project object */;
			proxyType = 1;
			remoteGlobalIDString = ECBA07961A73106B00B580F5;
			remoteInfo = StrikeZone;
		};
/* End PBXContainerItemProxy section */

/* Begin PBXFileReference section */
		323B7CB81A7AF31900A1B87F /* pitcherStraightDealin.jpg */ = {isa = PBXFileReference; lastKnownFileType = image.jpeg; path = pitcherStraightDealin.jpg; sourceTree = "<group>"; };
		324FB25E1A77009F0034A59A /* loveGolve.jpg */ = {isa = PBXFileReference; lastKnownFileType = image.jpeg; path = loveGolve.jpg; sourceTree = "<group>"; };
		324FDB381A780F2400A743E9 /* Pitch.swift */ = {isa = PBXFileReference; fileEncoding = 4; lastKnownFileType = sourcecode.swift; path = Pitch.swift; sourceTree = "<group>"; };
		324FDB3A1A78671200A743E9 /* dodgerBackground.jpg */ = {isa = PBXFileReference; lastKnownFileType = image.jpeg; path = dodgerBackground.jpg; sourceTree = "<group>"; };
		640389A11A76B59800060349 /* pitcherDetailView.xib */ = {isa = PBXFileReference; fileEncoding = 4; lastKnownFileType = file.xib; path = pitcherDetailView.xib; sourceTree = "<group>"; };
		64232A8C1A76D16600057E18 /* HeatMapCell.swift */ = {isa = PBXFileReference; fileEncoding = 4; lastKnownFileType = sourcecode.swift; path = HeatMapCell.swift; sourceTree = "<group>"; };
		64232A8D1A76D16600057E18 /* HeatMapCell.xib */ = {isa = PBXFileReference; fileEncoding = 4; lastKnownFileType = file.xib; path = HeatMapCell.xib; sourceTree = "<group>"; };
		648AD7B41A7AB23100472192 /* StrikeRegion.swift */ = {isa = PBXFileReference; fileEncoding = 4; lastKnownFileType = sourcecode.swift; name = StrikeRegion.swift; path = ../StrikeRegion.swift; sourceTree = "<group>"; };
		649B04D91A78022900A8FD99 /* pitchDetailCell.xib */ = {isa = PBXFileReference; fileEncoding = 4; lastKnownFileType = file.xib; path = pitchDetailCell.xib; sourceTree = "<group>"; };
		649B04DB1A78032D00A8FD99 /* PitchDetailTableViewCell.swift */ = {isa = PBXFileReference; fileEncoding = 4; lastKnownFileType = sourcecode.swift; path = PitchDetailTableViewCell.swift; sourceTree = "<group>"; };
		649B04DF1A78542E00A8FD99 /* heatMapCollectionView.xib */ = {isa = PBXFileReference; fileEncoding = 4; lastKnownFileType = file.xib; name = heatMapCollectionView.xib; path = ../heatMapCollectionView.xib; sourceTree = "<group>"; };
		649B04E11A7854EB00A8FD99 /* HeatMapCollectionTableViewCell.swift */ = {isa = PBXFileReference; fileEncoding = 4; lastKnownFileType = sourcecode.swift; name = HeatMapCollectionTableViewCell.swift; path = ../HeatMapCollectionTableViewCell.swift; sourceTree = "<group>"; };
		EC036DFA1A7B215F00E88E26 /* AddPitcherAlert.xib */ = {isa = PBXFileReference; fileEncoding = 4; lastKnownFileType = file.xib; name = AddPitcherAlert.xib; path = ../AddPitcherAlert.xib; sourceTree = "<group>"; };
		EC2374C31A7B1E4D00B46765 /* Main.storyboard */ = {isa = PBXFileReference; fileEncoding = 4; lastKnownFileType = file.storyboard; name = Main.storyboard; path = ../Main.storyboard; sourceTree = "<group>"; };
		EC5D765C1A77110400833AF0 /* pixelGlove.png */ = {isa = PBXFileReference; lastKnownFileType = image.png; path = pixelGlove.png; sourceTree = "<group>"; };
		EC73FF921A7AECF500CF0E3E /* editPitcherAlert.xib */ = {isa = PBXFileReference; fileEncoding = 4; lastKnownFileType = file.xib; path = editPitcherAlert.xib; sourceTree = "<group>"; };
		EC8A04291A785B8B00C1E87F /* MenuCollectionCell.xib */ = {isa = PBXFileReference; fileEncoding = 4; lastKnownFileType = file.xib; path = MenuCollectionCell.xib; sourceTree = "<group>"; };
		EC8A042F1A78628000C1E87F /* MenuCollectionViewCell.swift */ = {isa = PBXFileReference; fileEncoding = 4; lastKnownFileType = sourcecode.swift; path = MenuCollectionViewCell.swift; sourceTree = "<group>"; };
		ECBA07971A73106B00B580F5 /* StrikeZone.app */ = {isa = PBXFileReference; explicitFileType = wrapper.application; includeInIndex = 0; path = StrikeZone.app; sourceTree = BUILT_PRODUCTS_DIR; };
		ECBA079B1A73106B00B580F5 /* Info.plist */ = {isa = PBXFileReference; lastKnownFileType = text.plist.xml; path = Info.plist; sourceTree = "<group>"; };
		ECBA079C1A73106B00B580F5 /* AppDelegate.swift */ = {isa = PBXFileReference; lastKnownFileType = sourcecode.swift; path = AppDelegate.swift; sourceTree = "<group>"; };
		ECBA07A31A73106B00B580F5 /* Images.xcassets */ = {isa = PBXFileReference; lastKnownFileType = folder.assetcatalog; path = Images.xcassets; sourceTree = "<group>"; };
		ECBA07A61A73106B00B580F5 /* Base */ = {isa = PBXFileReference; lastKnownFileType = file.xib; name = Base; path = Base.lproj/LaunchScreen.xib; sourceTree = "<group>"; };
		ECBA07AC1A73106C00B580F5 /* StrikeZoneTests.xctest */ = {isa = PBXFileReference; explicitFileType = wrapper.cfbundle; includeInIndex = 0; path = StrikeZoneTests.xctest; sourceTree = BUILT_PRODUCTS_DIR; };
		ECBA07B11A73106C00B580F5 /* Info.plist */ = {isa = PBXFileReference; lastKnownFileType = text.plist.xml; path = Info.plist; sourceTree = "<group>"; };
		ECBA07B21A73106C00B580F5 /* StrikeZoneTests.swift */ = {isa = PBXFileReference; lastKnownFileType = sourcecode.swift; path = StrikeZoneTests.swift; sourceTree = "<group>"; };
		ECC5ABFF1A76AD9D006F9887 /* StrikeZoneViewController.swift */ = {isa = PBXFileReference; fileEncoding = 4; lastKnownFileType = sourcecode.swift; path = StrikeZoneViewController.swift; sourceTree = "<group>"; };
		ECC5AC011A76ADD5006F9887 /* PitcherDetailViewController.swift */ = {isa = PBXFileReference; fileEncoding = 4; lastKnownFileType = sourcecode.swift; path = PitcherDetailViewController.swift; sourceTree = "<group>"; };
		ECC5AC031A76ADF4006F9887 /* PitcherMenuViewController.swift */ = {isa = PBXFileReference; fileEncoding = 4; lastKnownFileType = sourcecode.swift; path = PitcherMenuViewController.swift; sourceTree = "<group>"; };
		ECC5AC071A76B6FE006F9887 /* MenuCell.xib */ = {isa = PBXFileReference; fileEncoding = 4; lastKnownFileType = file.xib; name = MenuCell.xib; path = ../MenuCell.xib; sourceTree = "<group>"; };
		ECC5AC091A76BCC0006F9887 /* Pitcher.swift */ = {isa = PBXFileReference; fileEncoding = 4; lastKnownFileType = sourcecode.swift; path = Pitcher.swift; sourceTree = "<group>"; };
		ECC5AC0B1A76BD5F006F9887 /* HeatMap.swift */ = {isa = PBXFileReference; fileEncoding = 4; lastKnownFileType = sourcecode.swift; path = HeatMap.swift; sourceTree = "<group>"; };
		ECC5AC111A76D461006F9887 /* MenuTableViewCell.swift */ = {isa = PBXFileReference; fileEncoding = 4; lastKnownFileType = sourcecode.swift; name = MenuTableViewCell.swift; path = ../MenuTableViewCell.swift; sourceTree = "<group>"; };
		ECFA632E1A7982AD00D844A0 /* MapCollectionViewController.swift */ = {isa = PBXFileReference; fileEncoding = 4; lastKnownFileType = sourcecode.swift; name = MapCollectionViewController.swift; path = ../MapCollectionViewController.swift; sourceTree = "<group>"; };
/* End PBXFileReference section */

/* Begin PBXFrameworksBuildPhase section */
		ECBA07941A73106B00B580F5 /* Frameworks */ = {
			isa = PBXFrameworksBuildPhase;
			buildActionMask = 2147483647;
			files = (
			);
			runOnlyForDeploymentPostprocessing = 0;
		};
		ECBA07A91A73106C00B580F5 /* Frameworks */ = {
			isa = PBXFrameworksBuildPhase;
			buildActionMask = 2147483647;
			files = (
			);
			runOnlyForDeploymentPostprocessing = 0;
		};
/* End PBXFrameworksBuildPhase section */

/* Begin PBXGroup section */
		ECBA078E1A73106B00B580F5 = {
			isa = PBXGroup;
			children = (
				EC5D765C1A77110400833AF0 /* pixelGlove.png */,
				ECBA07991A73106B00B580F5 /* StrikeZone */,
				ECBA07AF1A73106C00B580F5 /* StrikeZoneTests */,
				ECBA07981A73106B00B580F5 /* Products */,
			);
			sourceTree = "<group>";
		};
		ECBA07981A73106B00B580F5 /* Products */ = {
			isa = PBXGroup;
			children = (
				ECBA07971A73106B00B580F5 /* StrikeZone.app */,
				ECBA07AC1A73106C00B580F5 /* StrikeZoneTests.xctest */,
			);
			name = Products;
			sourceTree = "<group>";
		};
		ECBA07991A73106B00B580F5 /* StrikeZone */ = {
			isa = PBXGroup;
			children = (
				ECBA07BC1A73171400B580F5 /* Model */,
				ECBA07BD1A73171A00B580F5 /* View */,
				ECBA07BE1A73172200B580F5 /* Controller */,
				ECBA079A1A73106B00B580F5 /* Supporting Files */,
			);
			path = StrikeZone;
			sourceTree = "<group>";
		};
		ECBA079A1A73106B00B580F5 /* Supporting Files */ = {
			isa = PBXGroup;
			children = (
				324FB25E1A77009F0034A59A /* loveGolve.jpg */,
				ECBA079B1A73106B00B580F5 /* Info.plist */,
			);
			name = "Supporting Files";
			sourceTree = "<group>";
		};
		ECBA07AF1A73106C00B580F5 /* StrikeZoneTests */ = {
			isa = PBXGroup;
			children = (
				ECBA07B21A73106C00B580F5 /* StrikeZoneTests.swift */,
				ECBA07B01A73106C00B580F5 /* Supporting Files */,
			);
			path = StrikeZoneTests;
			sourceTree = "<group>";
		};
		ECBA07B01A73106C00B580F5 /* Supporting Files */ = {
			isa = PBXGroup;
			children = (
				ECBA07B11A73106C00B580F5 /* Info.plist */,
			);
			name = "Supporting Files";
			sourceTree = "<group>";
		};
		ECBA07BC1A73171400B580F5 /* Model */ = {
			isa = PBXGroup;
			children = (
				ECBA079C1A73106B00B580F5 /* AppDelegate.swift */,
				ECC5AC091A76BCC0006F9887 /* Pitcher.swift */,
				ECC5AC0B1A76BD5F006F9887 /* HeatMap.swift */,
				324FDB381A780F2400A743E9 /* Pitch.swift */,
			);
			name = Model;
			sourceTree = "<group>";
		};
		ECBA07BD1A73171A00B580F5 /* View */ = {
			isa = PBXGroup;
			children = (
				EC2374C31A7B1E4D00B46765 /* Main.storyboard */,
				649B04DF1A78542E00A8FD99 /* heatMapCollectionView.xib */,
				640389A11A76B59800060349 /* pitcherDetailView.xib */,
				649B04D91A78022900A8FD99 /* pitchDetailCell.xib */,
				64232A8D1A76D16600057E18 /* HeatMapCell.xib */,
				648AD7B41A7AB23100472192 /* StrikeRegion.swift */,
				EC036DFA1A7B215F00E88E26 /* AddPitcherAlert.xib */,
				EC73FF921A7AECF500CF0E3E /* editPitcherAlert.xib */,
				ECC5AC071A76B6FE006F9887 /* MenuCell.xib */,
				EC8A04291A785B8B00C1E87F /* MenuCollectionCell.xib */,
				ECBA07A51A73106B00B580F5 /* LaunchScreen.xib */,
				ECBA07A31A73106B00B580F5 /* Images.xcassets */,
				323B7CB81A7AF31900A1B87F /* pitcherStraightDealin.jpg */,
				324FDB3A1A78671200A743E9 /* dodgerBackground.jpg */,
			);
			name = View;
			sourceTree = "<group>";
		};
		ECBA07BE1A73172200B580F5 /* Controller */ = {
			isa = PBXGroup;
			children = (
				64232A8C1A76D16600057E18 /* HeatMapCell.swift */,
				649B04DB1A78032D00A8FD99 /* PitchDetailTableViewCell.swift */,
				ECC5AC031A76ADF4006F9887 /* PitcherMenuViewController.swift */,
				ECC5ABFF1A76AD9D006F9887 /* StrikeZoneViewController.swift */,
				ECC5AC011A76ADD5006F9887 /* PitcherDetailViewController.swift */,
				649B04E11A7854EB00A8FD99 /* HeatMapCollectionTableViewCell.swift */,
				ECC5AC111A76D461006F9887 /* MenuTableViewCell.swift */,
				EC8A042F1A78628000C1E87F /* MenuCollectionViewCell.swift */,
				ECFA632E1A7982AD00D844A0 /* MapCollectionViewController.swift */,
			);
			name = Controller;
			sourceTree = "<group>";
		};
/* End PBXGroup section */

/* Begin PBXNativeTarget section */
		ECBA07961A73106B00B580F5 /* StrikeZone */ = {
			isa = PBXNativeTarget;
			buildConfigurationList = ECBA07B61A73106C00B580F5 /* Build configuration list for PBXNativeTarget "StrikeZone" */;
			buildPhases = (
				ECBA07931A73106B00B580F5 /* Sources */,
				ECBA07941A73106B00B580F5 /* Frameworks */,
				ECBA07951A73106B00B580F5 /* Resources */,
			);
			buildRules = (
			);
			dependencies = (
			);
			name = StrikeZone;
			productName = StrikeZone;
			productReference = ECBA07971A73106B00B580F5 /* StrikeZone.app */;
			productType = "com.apple.product-type.application";
		};
		ECBA07AB1A73106C00B580F5 /* StrikeZoneTests */ = {
			isa = PBXNativeTarget;
			buildConfigurationList = ECBA07B91A73106C00B580F5 /* Build configuration list for PBXNativeTarget "StrikeZoneTests" */;
			buildPhases = (
				ECBA07A81A73106C00B580F5 /* Sources */,
				ECBA07A91A73106C00B580F5 /* Frameworks */,
				ECBA07AA1A73106C00B580F5 /* Resources */,
			);
			buildRules = (
			);
			dependencies = (
				ECBA07AE1A73106C00B580F5 /* PBXTargetDependency */,
			);
			name = StrikeZoneTests;
			productName = StrikeZoneTests;
			productReference = ECBA07AC1A73106C00B580F5 /* StrikeZoneTests.xctest */;
			productType = "com.apple.product-type.bundle.unit-test";
		};
/* End PBXNativeTarget section */

/* Begin PBXProject section */
		ECBA078F1A73106B00B580F5 /* Project object */ = {
			isa = PBXProject;
			attributes = {
				LastUpgradeCheck = 0610;
				ORGANIZATIONNAME = QadburyDreams;
				TargetAttributes = {
					ECBA07961A73106B00B580F5 = {
						CreatedOnToolsVersion = 6.1.1;
					};
					ECBA07AB1A73106C00B580F5 = {
						CreatedOnToolsVersion = 6.1.1;
						TestTargetID = ECBA07961A73106B00B580F5;
					};
				};
			};
			buildConfigurationList = ECBA07921A73106B00B580F5 /* Build configuration list for PBXProject "StrikeZone" */;
			compatibilityVersion = "Xcode 3.2";
			developmentRegion = English;
			hasScannedForEncodings = 0;
			knownRegions = (
				en,
				Base,
			);
			mainGroup = ECBA078E1A73106B00B580F5;
			productRefGroup = ECBA07981A73106B00B580F5 /* Products */;
			projectDirPath = "";
			projectRoot = "";
			targets = (
				ECBA07961A73106B00B580F5 /* StrikeZone */,
				ECBA07AB1A73106C00B580F5 /* StrikeZoneTests */,
			);
		};
/* End PBXProject section */

/* Begin PBXResourcesBuildPhase section */
		ECBA07951A73106B00B580F5 /* Resources */ = {
			isa = PBXResourcesBuildPhase;
			buildActionMask = 2147483647;
			files = (
				323B7CB91A7AF31900A1B87F /* pitcherStraightDealin.jpg in Resources */,
				EC8A042A1A785B8B00C1E87F /* MenuCollectionCell.xib in Resources */,
				ECBA07A71A73106B00B580F5 /* LaunchScreen.xib in Resources */,
				ECC5AC081A76B6FE006F9887 /* MenuCell.xib in Resources */,
				ECBA07A41A73106B00B580F5 /* Images.xcassets in Resources */,
				EC73FF931A7AECF500CF0E3E /* editPitcherAlert.xib in Resources */,
				324FDB3B1A78671200A743E9 /* dodgerBackground.jpg in Resources */,
				EC2374C41A7B1E4D00B46765 /* Main.storyboard in Resources */,
				EC036DFB1A7B215F00E88E26 /* AddPitcherAlert.xib in Resources */,
				64232A8F1A76D16600057E18 /* HeatMapCell.xib in Resources */,
				640389A21A76B59800060349 /* pitcherDetailView.xib in Resources */,
				EC5D765D1A77110400833AF0 /* pixelGlove.png in Resources */,
				649B04E01A78542E00A8FD99 /* heatMapCollectionView.xib in Resources */,
				649B04DA1A78022900A8FD99 /* pitchDetailCell.xib in Resources */,
			);
			runOnlyForDeploymentPostprocessing = 0;
		};
		ECBA07AA1A73106C00B580F5 /* Resources */ = {
			isa = PBXResourcesBuildPhase;
			buildActionMask = 2147483647;
			files = (
			);
			runOnlyForDeploymentPostprocessing = 0;
		};
/* End PBXResourcesBuildPhase section */

/* Begin PBXSourcesBuildPhase section */
		ECBA07931A73106B00B580F5 /* Sources */ = {
			isa = PBXSourcesBuildPhase;
			buildActionMask = 2147483647;
			files = (
				649B04E21A7854EB00A8FD99 /* HeatMapCollectionTableViewCell.swift in Sources */,
				ECC5AC001A76AD9D006F9887 /* StrikeZoneViewController.swift in Sources */,
				ECC5AC041A76ADF4006F9887 /* PitcherMenuViewController.swift in Sources */,
				EC8A04301A78628000C1E87F /* MenuCollectionViewCell.swift in Sources */,
				ECC5AC121A76D461006F9887 /* MenuTableViewCell.swift in Sources */,
				ECC5AC0C1A76BD5F006F9887 /* HeatMap.swift in Sources */,
				649B04DC1A78032D00A8FD99 /* PitchDetailTableViewCell.swift in Sources */,
				ECBA079D1A73106B00B580F5 /* AppDelegate.swift in Sources */,
				ECC5AC021A76ADD5006F9887 /* PitcherDetailViewController.swift in Sources */,
				324FDB391A780F2400A743E9 /* Pitch.swift in Sources */,
				648AD7B51A7AB23100472192 /* StrikeRegion.swift in Sources */,
				ECC5AC0A1A76BCC0006F9887 /* Pitcher.swift in Sources */,
				64232A8E1A76D16600057E18 /* HeatMapCell.swift in Sources */,
			);
			runOnlyForDeploymentPostprocessing = 0;
		};
		ECBA07A81A73106C00B580F5 /* Sources */ = {
			isa = PBXSourcesBuildPhase;
			buildActionMask = 2147483647;
			files = (
				ECBA07B31A73106C00B580F5 /* StrikeZoneTests.swift in Sources */,
			);
			runOnlyForDeploymentPostprocessing = 0;
		};
/* End PBXSourcesBuildPhase section */

/* Begin PBXTargetDependency section */
		ECBA07AE1A73106C00B580F5 /* PBXTargetDependency */ = {
			isa = PBXTargetDependency;
			target = ECBA07961A73106B00B580F5 /* StrikeZone */;
			targetProxy = ECBA07AD1A73106C00B580F5 /* PBXContainerItemProxy */;
		};
/* End PBXTargetDependency section */

/* Begin PBXVariantGroup section */
		ECBA07A51A73106B00B580F5 /* LaunchScreen.xib */ = {
			isa = PBXVariantGroup;
			children = (
				ECBA07A61A73106B00B580F5 /* Base */,
			);
			name = LaunchScreen.xib;
			sourceTree = "<group>";
		};
/* End PBXVariantGroup section */

/* Begin XCBuildConfiguration section */
		ECBA07B41A73106C00B580F5 /* Debug */ = {
			isa = XCBuildConfiguration;
			buildSettings = {
				ALWAYS_SEARCH_USER_PATHS = NO;
				CLANG_CXX_LANGUAGE_STANDARD = "gnu++0x";
				CLANG_CXX_LIBRARY = "libc++";
				CLANG_ENABLE_MODULES = YES;
				CLANG_ENABLE_OBJC_ARC = YES;
				CLANG_WARN_BOOL_CONVERSION = YES;
				CLANG_WARN_CONSTANT_CONVERSION = YES;
				CLANG_WARN_DIRECT_OBJC_ISA_USAGE = YES_ERROR;
				CLANG_WARN_EMPTY_BODY = YES;
				CLANG_WARN_ENUM_CONVERSION = YES;
				CLANG_WARN_INT_CONVERSION = YES;
				CLANG_WARN_OBJC_ROOT_CLASS = YES_ERROR;
				CLANG_WARN_UNREACHABLE_CODE = YES;
				CLANG_WARN__DUPLICATE_METHOD_MATCH = YES;
				"CODE_SIGN_IDENTITY[sdk=iphoneos*]" = "iPhone Developer";
				COPY_PHASE_STRIP = NO;
				ENABLE_STRICT_OBJC_MSGSEND = YES;
				GCC_C_LANGUAGE_STANDARD = gnu99;
				GCC_DYNAMIC_NO_PIC = NO;
				GCC_OPTIMIZATION_LEVEL = 0;
				GCC_PREPROCESSOR_DEFINITIONS = (
					"DEBUG=1",
					"$(inherited)",
				);
				GCC_SYMBOLS_PRIVATE_EXTERN = NO;
				GCC_WARN_64_TO_32_BIT_CONVERSION = YES;
				GCC_WARN_ABOUT_RETURN_TYPE = YES_ERROR;
				GCC_WARN_UNDECLARED_SELECTOR = YES;
				GCC_WARN_UNINITIALIZED_AUTOS = YES_AGGRESSIVE;
				GCC_WARN_UNUSED_FUNCTION = YES;
				GCC_WARN_UNUSED_VARIABLE = YES;
				IPHONEOS_DEPLOYMENT_TARGET = 8.1;
				MTL_ENABLE_DEBUG_INFO = YES;
				ONLY_ACTIVE_ARCH = YES;
				SDKROOT = iphoneos;
				SWIFT_OPTIMIZATION_LEVEL = "-Onone";
				TARGETED_DEVICE_FAMILY = "1,2";
			};
			name = Debug;
		};
		ECBA07B51A73106C00B580F5 /* Release */ = {
			isa = XCBuildConfiguration;
			buildSettings = {
				ALWAYS_SEARCH_USER_PATHS = NO;
				CLANG_CXX_LANGUAGE_STANDARD = "gnu++0x";
				CLANG_CXX_LIBRARY = "libc++";
				CLANG_ENABLE_MODULES = YES;
				CLANG_ENABLE_OBJC_ARC = YES;
				CLANG_WARN_BOOL_CONVERSION = YES;
				CLANG_WARN_CONSTANT_CONVERSION = YES;
				CLANG_WARN_DIRECT_OBJC_ISA_USAGE = YES_ERROR;
				CLANG_WARN_EMPTY_BODY = YES;
				CLANG_WARN_ENUM_CONVERSION = YES;
				CLANG_WARN_INT_CONVERSION = YES;
				CLANG_WARN_OBJC_ROOT_CLASS = YES_ERROR;
				CLANG_WARN_UNREACHABLE_CODE = YES;
				CLANG_WARN__DUPLICATE_METHOD_MATCH = YES;
				"CODE_SIGN_IDENTITY[sdk=iphoneos*]" = "iPhone Developer";
				COPY_PHASE_STRIP = YES;
				ENABLE_NS_ASSERTIONS = NO;
				ENABLE_STRICT_OBJC_MSGSEND = YES;
				GCC_C_LANGUAGE_STANDARD = gnu99;
				GCC_WARN_64_TO_32_BIT_CONVERSION = YES;
				GCC_WARN_ABOUT_RETURN_TYPE = YES_ERROR;
				GCC_WARN_UNDECLARED_SELECTOR = YES;
				GCC_WARN_UNINITIALIZED_AUTOS = YES_AGGRESSIVE;
				GCC_WARN_UNUSED_FUNCTION = YES;
				GCC_WARN_UNUSED_VARIABLE = YES;
				IPHONEOS_DEPLOYMENT_TARGET = 8.1;
				MTL_ENABLE_DEBUG_INFO = NO;
				SDKROOT = iphoneos;
				TARGETED_DEVICE_FAMILY = "1,2";
				VALIDATE_PRODUCT = YES;
			};
			name = Release;
		};
		ECBA07B71A73106C00B580F5 /* Debug */ = {
			isa = XCBuildConfiguration;
			buildSettings = {
				ASSETCATALOG_COMPILER_APPICON_NAME = AppIcon;
				INFOPLIST_FILE = StrikeZone/Info.plist;
				LD_RUNPATH_SEARCH_PATHS = "$(inherited) @executable_path/Frameworks";
				PRODUCT_NAME = "$(TARGET_NAME)";
			};
			name = Debug;
		};
		ECBA07B81A73106C00B580F5 /* Release */ = {
			isa = XCBuildConfiguration;
			buildSettings = {
				ASSETCATALOG_COMPILER_APPICON_NAME = AppIcon;
				INFOPLIST_FILE = StrikeZone/Info.plist;
				LD_RUNPATH_SEARCH_PATHS = "$(inherited) @executable_path/Frameworks";
				PRODUCT_NAME = "$(TARGET_NAME)";
			};
			name = Release;
		};
		ECBA07BA1A73106C00B580F5 /* Debug */ = {
			isa = XCBuildConfiguration;
			buildSettings = {
				BUNDLE_LOADER = "$(TEST_HOST)";
				FRAMEWORK_SEARCH_PATHS = (
					"$(SDKROOT)/Developer/Library/Frameworks",
					"$(inherited)",
				);
				GCC_PREPROCESSOR_DEFINITIONS = (
					"DEBUG=1",
					"$(inherited)",
				);
				INFOPLIST_FILE = StrikeZoneTests/Info.plist;
				LD_RUNPATH_SEARCH_PATHS = "$(inherited) @executable_path/Frameworks @loader_path/Frameworks";
				PRODUCT_NAME = "$(TARGET_NAME)";
				TEST_HOST = "$(BUILT_PRODUCTS_DIR)/StrikeZone.app/StrikeZone";
			};
			name = Debug;
		};
		ECBA07BB1A73106C00B580F5 /* Release */ = {
			isa = XCBuildConfiguration;
			buildSettings = {
				BUNDLE_LOADER = "$(TEST_HOST)";
				FRAMEWORK_SEARCH_PATHS = (
					"$(SDKROOT)/Developer/Library/Frameworks",
					"$(inherited)",
				);
				INFOPLIST_FILE = StrikeZoneTests/Info.plist;
				LD_RUNPATH_SEARCH_PATHS = "$(inherited) @executable_path/Frameworks @loader_path/Frameworks";
				PRODUCT_NAME = "$(TARGET_NAME)";
				TEST_HOST = "$(BUILT_PRODUCTS_DIR)/StrikeZone.app/StrikeZone";
			};
			name = Release;
		};
/* End XCBuildConfiguration section */

/* Begin XCConfigurationList section */
		ECBA07921A73106B00B580F5 /* Build configuration list for PBXProject "StrikeZone" */ = {
			isa = XCConfigurationList;
			buildConfigurations = (
				ECBA07B41A73106C00B580F5 /* Debug */,
				ECBA07B51A73106C00B580F5 /* Release */,
			);
			defaultConfigurationIsVisible = 0;
			defaultConfigurationName = Release;
		};
		ECBA07B61A73106C00B580F5 /* Build configuration list for PBXNativeTarget "StrikeZone" */ = {
			isa = XCConfigurationList;
			buildConfigurations = (
				ECBA07B71A73106C00B580F5 /* Debug */,
				ECBA07B81A73106C00B580F5 /* Release */,
			);
			defaultConfigurationIsVisible = 0;
			defaultConfigurationName = Release;
		};
		ECBA07B91A73106C00B580F5 /* Build configuration list for PBXNativeTarget "StrikeZoneTests" */ = {
			isa = XCConfigurationList;
			buildConfigurations = (
				ECBA07BA1A73106C00B580F5 /* Debug */,
				ECBA07BB1A73106C00B580F5 /* Release */,
			);
			defaultConfigurationIsVisible = 0;
			defaultConfigurationName = Release;
		};
/* End XCConfigurationList section */
	};
	rootObject = ECBA078F1A73106B00B580F5 /* Project object */;
}
